// !$*UTF8*$!
{
	archiveVersion = 1;
	classes = {
	};
	objectVersion = 46;
	objects = {

/* Begin PBXBuildFile section */
		0D273A771D0D072A00F529E3 /* SelectOrderCellData.swift in Sources */ = {isa = PBXBuildFile; fileRef = 0D273A761D0D072A00F529E3 /* SelectOrderCellData.swift */; };
		0D273A791D0D073B00F529E3 /* SelectedOrderTableViewCell.swift in Sources */ = {isa = PBXBuildFile; fileRef = 0D273A781D0D073B00F529E3 /* SelectedOrderTableViewCell.swift */; };
		0D273A7B1D0D229400F529E3 /* miruki_480.png in Resources */ = {isa = PBXBuildFile; fileRef = 0D273A7A1D0D229400F529E3 /* miruki_480.png */; };
		0D273A7D1D0D247E00F529E3 /* miruki.png in Resources */ = {isa = PBXBuildFile; fileRef = 0D273A7C1D0D247E00F529E3 /* miruki.png */; };
		0DEE05DC1D0CAE9600A646B1 /* Request.swift in Sources */ = {isa = PBXBuildFile; fileRef = 0DEE05DB1D0CAE9600A646B1 /* Request.swift */; };
		0DEE05DE1D0CB57D00A646B1 /* NotificationComeChildViewController.swift in Sources */ = {isa = PBXBuildFile; fileRef = 0DEE05DD1D0CB57D00A646B1 /* NotificationComeChildViewController.swift */; };
		0DEE05E01D0CBEA200A646B1 /* SwiftyJSON.swift in Sources */ = {isa = PBXBuildFile; fileRef = 0DEE05DF1D0CBEA200A646B1 /* SwiftyJSON.swift */; };
		2C97BC1B1D0C3E8600D2BBE0 /* AppDelegate.swift in Sources */ = {isa = PBXBuildFile; fileRef = 2C97BC1A1D0C3E8600D2BBE0 /* AppDelegate.swift */; };
		2C97BC1D1D0C3E8600D2BBE0 /* ViewController.swift in Sources */ = {isa = PBXBuildFile; fileRef = 2C97BC1C1D0C3E8600D2BBE0 /* ViewController.swift */; };
		2C97BC201D0C3E8600D2BBE0 /* Main.storyboard in Resources */ = {isa = PBXBuildFile; fileRef = 2C97BC1E1D0C3E8600D2BBE0 /* Main.storyboard */; };
		2C97BC221D0C3E8600D2BBE0 /* Assets.xcassets in Resources */ = {isa = PBXBuildFile; fileRef = 2C97BC211D0C3E8600D2BBE0 /* Assets.xcassets */; };
		2C97BC251D0C3E8600D2BBE0 /* LaunchScreen.storyboard in Resources */ = {isa = PBXBuildFile; fileRef = 2C97BC231D0C3E8600D2BBE0 /* LaunchScreen.storyboard */; };
		2C97BC301D0C3E8600D2BBE0 /* marketsideTests.swift in Sources */ = {isa = PBXBuildFile; fileRef = 2C97BC2F1D0C3E8600D2BBE0 /* marketsideTests.swift */; };
		2C97BC3B1D0C3E8600D2BBE0 /* marketsideUITests.swift in Sources */ = {isa = PBXBuildFile; fileRef = 2C97BC3A1D0C3E8600D2BBE0 /* marketsideUITests.swift */; };
		2C97BC4A1D0C439E00D2BBE0 /* background.png in Resources */ = {isa = PBXBuildFile; fileRef = 2C97BC491D0C439E00D2BBE0 /* background.png */; };
		2F52E1CF38D6EF0C7EFFE4EC /* Pods_marketsideUITests.framework in Frameworks */ = {isa = PBXBuildFile; fileRef = 749499D8E7FD7E031A896C63 /* Pods_marketsideUITests.framework */; };
		4C565AA6B525DB9DE928401F /* Pods_marketside.framework in Frameworks */ = {isa = PBXBuildFile; fileRef = C997155E589762469D07371E /* Pods_marketside.framework */; };
		C8B4A0D60548691DB35D5374 /* Pods_marketsideTests.framework in Frameworks */ = {isa = PBXBuildFile; fileRef = 2E260CE666765E4736466139 /* Pods_marketsideTests.framework */; };
/* End PBXBuildFile section */

/* Begin PBXContainerItemProxy section */
		2C97BC2C1D0C3E8600D2BBE0 /* PBXContainerItemProxy */ = {
			isa = PBXContainerItemProxy;
			containerPortal = 2C97BC0F1D0C3E8600D2BBE0 /* Project object */;
			proxyType = 1;
			remoteGlobalIDString = 2C97BC161D0C3E8600D2BBE0;
			remoteInfo = marketside;
		};
		2C97BC371D0C3E8600D2BBE0 /* PBXContainerItemProxy */ = {
			isa = PBXContainerItemProxy;
			containerPortal = 2C97BC0F1D0C3E8600D2BBE0 /* Project object */;
			proxyType = 1;
			remoteGlobalIDString = 2C97BC161D0C3E8600D2BBE0;
			remoteInfo = marketside;
		};
/* End PBXContainerItemProxy section */

/* Begin PBXFileReference section */
		0C5B114AB0F482BCB0FE13E9 /* Pods-marketside.debug.xcconfig */ = {isa = PBXFileReference; includeInIndex = 1; lastKnownFileType = text.xcconfig; name = "Pods-marketside.debug.xcconfig"; path = "Pods/Target Support Files/Pods-marketside/Pods-marketside.debug.xcconfig"; sourceTree = "<group>"; };
		0D273A761D0D072A00F529E3 /* SelectOrderCellData.swift */ = {isa = PBXFileReference; fileEncoding = 4; lastKnownFileType = sourcecode.swift; path = SelectOrderCellData.swift; sourceTree = "<group>"; };
		0D273A781D0D073B00F529E3 /* SelectedOrderTableViewCell.swift */ = {isa = PBXFileReference; fileEncoding = 4; lastKnownFileType = sourcecode.swift; path = SelectedOrderTableViewCell.swift; sourceTree = "<group>"; };
		0D273A7A1D0D229400F529E3 /* miruki_480.png */ = {isa = PBXFileReference; lastKnownFileType = image.png; path = miruki_480.png; sourceTree = "<group>"; };
		0D273A7C1D0D247E00F529E3 /* miruki.png */ = {isa = PBXFileReference; lastKnownFileType = image.png; path = miruki.png; sourceTree = "<group>"; };
		0DEE05DB1D0CAE9600A646B1 /* Request.swift */ = {isa = PBXFileReference; fileEncoding = 4; lastKnownFileType = sourcecode.swift; path = Request.swift; sourceTree = "<group>"; };
		0DEE05DD1D0CB57D00A646B1 /* NotificationComeChildViewController.swift */ = {isa = PBXFileReference; fileEncoding = 4; lastKnownFileType = sourcecode.swift; path = NotificationComeChildViewController.swift; sourceTree = "<group>"; };
		0DEE05DF1D0CBEA200A646B1 /* SwiftyJSON.swift */ = {isa = PBXFileReference; fileEncoding = 4; lastKnownFileType = sourcecode.swift; path = SwiftyJSON.swift; sourceTree = "<group>"; };
		2C97BC171D0C3E8600D2BBE0 /* marketside.app */ = {isa = PBXFileReference; explicitFileType = wrapper.application; includeInIndex = 0; path = marketside.app; sourceTree = BUILT_PRODUCTS_DIR; };
		2C97BC1A1D0C3E8600D2BBE0 /* AppDelegate.swift */ = {isa = PBXFileReference; lastKnownFileType = sourcecode.swift; path = AppDelegate.swift; sourceTree = "<group>"; };
		2C97BC1C1D0C3E8600D2BBE0 /* ViewController.swift */ = {isa = PBXFileReference; lastKnownFileType = sourcecode.swift; path = ViewController.swift; sourceTree = "<group>"; };
		2C97BC1F1D0C3E8600D2BBE0 /* Base */ = {isa = PBXFileReference; lastKnownFileType = file.storyboard; name = Base; path = Base.lproj/Main.storyboard; sourceTree = "<group>"; };
		2C97BC211D0C3E8600D2BBE0 /* Assets.xcassets */ = {isa = PBXFileReference; lastKnownFileType = folder.assetcatalog; path = Assets.xcassets; sourceTree = "<group>"; };
		2C97BC241D0C3E8600D2BBE0 /* Base */ = {isa = PBXFileReference; lastKnownFileType = file.storyboard; name = Base; path = Base.lproj/LaunchScreen.storyboard; sourceTree = "<group>"; };
		2C97BC261D0C3E8600D2BBE0 /* Info.plist */ = {isa = PBXFileReference; lastKnownFileType = text.plist.xml; path = Info.plist; sourceTree = "<group>"; };
		2C97BC2B1D0C3E8600D2BBE0 /* marketsideTests.xctest */ = {isa = PBXFileReference; explicitFileType = wrapper.cfbundle; includeInIndex = 0; path = marketsideTests.xctest; sourceTree = BUILT_PRODUCTS_DIR; };
		2C97BC2F1D0C3E8600D2BBE0 /* marketsideTests.swift */ = {isa = PBXFileReference; lastKnownFileType = sourcecode.swift; path = marketsideTests.swift; sourceTree = "<group>"; };
		2C97BC311D0C3E8600D2BBE0 /* Info.plist */ = {isa = PBXFileReference; lastKnownFileType = text.plist.xml; path = Info.plist; sourceTree = "<group>"; };
		2C97BC361D0C3E8600D2BBE0 /* marketsideUITests.xctest */ = {isa = PBXFileReference; explicitFileType = wrapper.cfbundle; includeInIndex = 0; path = marketsideUITests.xctest; sourceTree = BUILT_PRODUCTS_DIR; };
		2C97BC3A1D0C3E8600D2BBE0 /* marketsideUITests.swift */ = {isa = PBXFileReference; lastKnownFileType = sourcecode.swift; path = marketsideUITests.swift; sourceTree = "<group>"; };
		2C97BC3C1D0C3E8600D2BBE0 /* Info.plist */ = {isa = PBXFileReference; lastKnownFileType = text.plist.xml; path = Info.plist; sourceTree = "<group>"; };
		2C97BC491D0C439E00D2BBE0 /* background.png */ = {isa = PBXFileReference; lastKnownFileType = image.png; path = background.png; sourceTree = "<group>"; };
		2E260CE666765E4736466139 /* Pods_marketsideTests.framework */ = {isa = PBXFileReference; explicitFileType = wrapper.framework; includeInIndex = 0; path = Pods_marketsideTests.framework; sourceTree = BUILT_PRODUCTS_DIR; };
		435A1F968B636CC7FF5229DD /* Pods-marketsideTests.debug.xcconfig */ = {isa = PBXFileReference; includeInIndex = 1; lastKnownFileType = text.xcconfig; name = "Pods-marketsideTests.debug.xcconfig"; path = "Pods/Target Support Files/Pods-marketsideTests/Pods-marketsideTests.debug.xcconfig"; sourceTree = "<group>"; };
		638C7635655B639BA4ADDC09 /* Pods-marketsideUITests.release.xcconfig */ = {isa = PBXFileReference; includeInIndex = 1; lastKnownFileType = text.xcconfig; name = "Pods-marketsideUITests.release.xcconfig"; path = "Pods/Target Support Files/Pods-marketsideUITests/Pods-marketsideUITests.release.xcconfig"; sourceTree = "<group>"; };
		749499D8E7FD7E031A896C63 /* Pods_marketsideUITests.framework */ = {isa = PBXFileReference; explicitFileType = wrapper.framework; includeInIndex = 0; path = Pods_marketsideUITests.framework; sourceTree = BUILT_PRODUCTS_DIR; };
		8D6B99D783087092CC59A8E5 /* Pods-marketsideTests.release.xcconfig */ = {isa = PBXFileReference; includeInIndex = 1; lastKnownFileType = text.xcconfig; name = "Pods-marketsideTests.release.xcconfig"; path = "Pods/Target Support Files/Pods-marketsideTests/Pods-marketsideTests.release.xcconfig"; sourceTree = "<group>"; };
		91292DCBD4C60D1F9C1F2208 /* Pods-marketsideUITests.debug.xcconfig */ = {isa = PBXFileReference; includeInIndex = 1; lastKnownFileType = text.xcconfig; name = "Pods-marketsideUITests.debug.xcconfig"; path = "Pods/Target Support Files/Pods-marketsideUITests/Pods-marketsideUITests.debug.xcconfig"; sourceTree = "<group>"; };
		C997155E589762469D07371E /* Pods_marketside.framework */ = {isa = PBXFileReference; explicitFileType = wrapper.framework; includeInIndex = 0; path = Pods_marketside.framework; sourceTree = BUILT_PRODUCTS_DIR; };
		CAA7C7558E91E1E42BEB26C4 /* Pods-marketside.release.xcconfig */ = {isa = PBXFileReference; includeInIndex = 1; lastKnownFileType = text.xcconfig; name = "Pods-marketside.release.xcconfig"; path = "Pods/Target Support Files/Pods-marketside/Pods-marketside.release.xcconfig"; sourceTree = "<group>"; };
/* End PBXFileReference section */

/* Begin PBXFrameworksBuildPhase section */
		2C97BC141D0C3E8600D2BBE0 /* Frameworks */ = {
			isa = PBXFrameworksBuildPhase;
			buildActionMask = 2147483647;
			files = (
				4C565AA6B525DB9DE928401F /* Pods_marketside.framework in Frameworks */,
			);
			runOnlyForDeploymentPostprocessing = 0;
		};
		2C97BC281D0C3E8600D2BBE0 /* Frameworks */ = {
			isa = PBXFrameworksBuildPhase;
			buildActionMask = 2147483647;
			files = (
				C8B4A0D60548691DB35D5374 /* Pods_marketsideTests.framework in Frameworks */,
			);
			runOnlyForDeploymentPostprocessing = 0;
		};
		2C97BC331D0C3E8600D2BBE0 /* Frameworks */ = {
			isa = PBXFrameworksBuildPhase;
			buildActionMask = 2147483647;
			files = (
				2F52E1CF38D6EF0C7EFFE4EC /* Pods_marketsideUITests.framework in Frameworks */,
			);
			runOnlyForDeploymentPostprocessing = 0;
		};
/* End PBXFrameworksBuildPhase section */

/* Begin PBXGroup section */
		2C97BC0E1D0C3E8600D2BBE0 = {
			isa = PBXGroup;
			children = (
				2C97BC481D0C434900D2BBE0 /* image */,
				2C97BC191D0C3E8600D2BBE0 /* marketside */,
				2C97BC2E1D0C3E8600D2BBE0 /* marketsideTests */,
				2C97BC391D0C3E8600D2BBE0 /* marketsideUITests */,
				2C97BC181D0C3E8600D2BBE0 /* Products */,
				D64E47484FE27B8AC5080D45 /* Pods */,
				648079896295E7A228B00A23 /* Frameworks */,
			);
			sourceTree = "<group>";
		};
		2C97BC181D0C3E8600D2BBE0 /* Products */ = {
			isa = PBXGroup;
			children = (
				2C97BC171D0C3E8600D2BBE0 /* marketside.app */,
				2C97BC2B1D0C3E8600D2BBE0 /* marketsideTests.xctest */,
				2C97BC361D0C3E8600D2BBE0 /* marketsideUITests.xctest */,
			);
			name = Products;
			sourceTree = "<group>";
		};
		2C97BC191D0C3E8600D2BBE0 /* marketside */ = {
			isa = PBXGroup;
			children = (
				2C97BC1A1D0C3E8600D2BBE0 /* AppDelegate.swift */,
				2C97BC1C1D0C3E8600D2BBE0 /* ViewController.swift */,
				0DEE05DB1D0CAE9600A646B1 /* Request.swift */,
				0DEE05DD1D0CB57D00A646B1 /* NotificationComeChildViewController.swift */,
				0D273A761D0D072A00F529E3 /* SelectOrderCellData.swift */,
				0DEE05DF1D0CBEA200A646B1 /* SwiftyJSON.swift */,
				0D273A781D0D073B00F529E3 /* SelectedOrderTableViewCell.swift */,
				2C97BC1E1D0C3E8600D2BBE0 /* Main.storyboard */,
				2C97BC211D0C3E8600D2BBE0 /* Assets.xcassets */,
				2C97BC231D0C3E8600D2BBE0 /* LaunchScreen.storyboard */,
				2C97BC261D0C3E8600D2BBE0 /* Info.plist */,
			);
			path = marketside;
			sourceTree = "<group>";
		};
		2C97BC2E1D0C3E8600D2BBE0 /* marketsideTests */ = {
			isa = PBXGroup;
			children = (
				2C97BC2F1D0C3E8600D2BBE0 /* marketsideTests.swift */,
				2C97BC311D0C3E8600D2BBE0 /* Info.plist */,
			);
			path = marketsideTests;
			sourceTree = "<group>";
		};
		2C97BC391D0C3E8600D2BBE0 /* marketsideUITests */ = {
			isa = PBXGroup;
			children = (
				2C97BC3A1D0C3E8600D2BBE0 /* marketsideUITests.swift */,
				2C97BC3C1D0C3E8600D2BBE0 /* Info.plist */,
			);
			path = marketsideUITests;
			sourceTree = "<group>";
		};
		2C97BC481D0C434900D2BBE0 /* image */ = {
			isa = PBXGroup;
			children = (
				0D273A7A1D0D229400F529E3 /* miruki_480.png */,
				0D273A7C1D0D247E00F529E3 /* miruki.png */,
				2C97BC491D0C439E00D2BBE0 /* background.png */,
			);
			name = image;
			sourceTree = "<group>";
		};
		648079896295E7A228B00A23 /* Frameworks */ = {
			isa = PBXGroup;
			children = (
				C997155E589762469D07371E /* Pods_marketside.framework */,
				2E260CE666765E4736466139 /* Pods_marketsideTests.framework */,
				749499D8E7FD7E031A896C63 /* Pods_marketsideUITests.framework */,
			);
			name = Frameworks;
			sourceTree = "<group>";
		};
		D64E47484FE27B8AC5080D45 /* Pods */ = {
			isa = PBXGroup;
			children = (
				0C5B114AB0F482BCB0FE13E9 /* Pods-marketside.debug.xcconfig */,
				CAA7C7558E91E1E42BEB26C4 /* Pods-marketside.release.xcconfig */,
				435A1F968B636CC7FF5229DD /* Pods-marketsideTests.debug.xcconfig */,
				8D6B99D783087092CC59A8E5 /* Pods-marketsideTests.release.xcconfig */,
				91292DCBD4C60D1F9C1F2208 /* Pods-marketsideUITests.debug.xcconfig */,
				638C7635655B639BA4ADDC09 /* Pods-marketsideUITests.release.xcconfig */,
			);
			name = Pods;
			sourceTree = "<group>";
		};
/* End PBXGroup section */

/* Begin PBXNativeTarget section */
		2C97BC161D0C3E8600D2BBE0 /* marketside */ = {
			isa = PBXNativeTarget;
			buildConfigurationList = 2C97BC3F1D0C3E8600D2BBE0 /* Build configuration list for PBXNativeTarget "marketside" */;
			buildPhases = (
				EB4897220E2EDE1B40CCCDC3 /* 📦 Check Pods Manifest.lock */,
				2C97BC131D0C3E8600D2BBE0 /* Sources */,
				2C97BC141D0C3E8600D2BBE0 /* Frameworks */,
				2C97BC151D0C3E8600D2BBE0 /* Resources */,
				D644534F5104DC6C3DC8EB0C /* 📦 Embed Pods Frameworks */,
				D82C004F917DBF5356683860 /* 📦 Copy Pods Resources */,
			);
			buildRules = (
			);
			dependencies = (
			);
			name = marketside;
			productName = marketside;
			productReference = 2C97BC171D0C3E8600D2BBE0 /* marketside.app */;
			productType = "com.apple.product-type.application";
		};
		2C97BC2A1D0C3E8600D2BBE0 /* marketsideTests */ = {
			isa = PBXNativeTarget;
			buildConfigurationList = 2C97BC421D0C3E8600D2BBE0 /* Build configuration list for PBXNativeTarget "marketsideTests" */;
			buildPhases = (
				9C3253F0FC2B2F7F7C5713F2 /* 📦 Check Pods Manifest.lock */,
				2C97BC271D0C3E8600D2BBE0 /* Sources */,
				2C97BC281D0C3E8600D2BBE0 /* Frameworks */,
				2C97BC291D0C3E8600D2BBE0 /* Resources */,
				7ED2AFB6C7738B60FD7F6A26 /* 📦 Embed Pods Frameworks */,
				E40BB197F1C0101B06BA836F /* 📦 Copy Pods Resources */,
			);
			buildRules = (
			);
			dependencies = (
				2C97BC2D1D0C3E8600D2BBE0 /* PBXTargetDependency */,
			);
			name = marketsideTests;
			productName = marketsideTests;
			productReference = 2C97BC2B1D0C3E8600D2BBE0 /* marketsideTests.xctest */;
			productType = "com.apple.product-type.bundle.unit-test";
		};
		2C97BC351D0C3E8600D2BBE0 /* marketsideUITests */ = {
			isa = PBXNativeTarget;
			buildConfigurationList = 2C97BC451D0C3E8600D2BBE0 /* Build configuration list for PBXNativeTarget "marketsideUITests" */;
			buildPhases = (
				6020C76726B73362BF4FC3D5 /* 📦 Check Pods Manifest.lock */,
				2C97BC321D0C3E8600D2BBE0 /* Sources */,
				2C97BC331D0C3E8600D2BBE0 /* Frameworks */,
				2C97BC341D0C3E8600D2BBE0 /* Resources */,
				7254279D5E67BC8A015FC165 /* 📦 Copy Pods Resources */,
			);
			buildRules = (
			);
			dependencies = (
				2C97BC381D0C3E8600D2BBE0 /* PBXTargetDependency */,
			);
			name = marketsideUITests;
			productName = marketsideUITests;
			productReference = 2C97BC361D0C3E8600D2BBE0 /* marketsideUITests.xctest */;
			productType = "com.apple.product-type.bundle.ui-testing";
		};
/* End PBXNativeTarget section */

/* Begin PBXProject section */
		2C97BC0F1D0C3E8600D2BBE0 /* Project object */ = {
			isa = PBXProject;
			attributes = {
				LastSwiftUpdateCheck = 0730;
				LastUpgradeCheck = 0730;
				ORGANIZATIONNAME = "tsuka-mac-mini";
				TargetAttributes = {
					2C97BC161D0C3E8600D2BBE0 = {
						CreatedOnToolsVersion = 7.3.1;
					};
					2C97BC2A1D0C3E8600D2BBE0 = {
						CreatedOnToolsVersion = 7.3.1;
						TestTargetID = 2C97BC161D0C3E8600D2BBE0;
					};
					2C97BC351D0C3E8600D2BBE0 = {
						CreatedOnToolsVersion = 7.3.1;
						TestTargetID = 2C97BC161D0C3E8600D2BBE0;
					};
				};
			};
			buildConfigurationList = 2C97BC121D0C3E8600D2BBE0 /* Build configuration list for PBXProject "marketside" */;
			compatibilityVersion = "Xcode 3.2";
			developmentRegion = English;
			hasScannedForEncodings = 0;
			knownRegions = (
				en,
				Base,
			);
			mainGroup = 2C97BC0E1D0C3E8600D2BBE0;
			productRefGroup = 2C97BC181D0C3E8600D2BBE0 /* Products */;
			projectDirPath = "";
			projectRoot = "";
			targets = (
				2C97BC161D0C3E8600D2BBE0 /* marketside */,
				2C97BC2A1D0C3E8600D2BBE0 /* marketsideTests */,
				2C97BC351D0C3E8600D2BBE0 /* marketsideUITests */,
			);
		};
/* End PBXProject section */

/* Begin PBXResourcesBuildPhase section */
		2C97BC151D0C3E8600D2BBE0 /* Resources */ = {
			isa = PBXResourcesBuildPhase;
			buildActionMask = 2147483647;
			files = (
				0D273A7D1D0D247E00F529E3 /* miruki.png in Resources */,
				2C97BC251D0C3E8600D2BBE0 /* LaunchScreen.storyboard in Resources */,
				2C97BC4A1D0C439E00D2BBE0 /* background.png in Resources */,
				0D273A7B1D0D229400F529E3 /* miruki_480.png in Resources */,
				2C97BC221D0C3E8600D2BBE0 /* Assets.xcassets in Resources */,
				2C97BC201D0C3E8600D2BBE0 /* Main.storyboard in Resources */,
			);
			runOnlyForDeploymentPostprocessing = 0;
		};
		2C97BC291D0C3E8600D2BBE0 /* Resources */ = {
			isa = PBXResourcesBuildPhase;
			buildActionMask = 2147483647;
			files = (
			);
			runOnlyForDeploymentPostprocessing = 0;
		};
		2C97BC341D0C3E8600D2BBE0 /* Resources */ = {
			isa = PBXResourcesBuildPhase;
			buildActionMask = 2147483647;
			files = (
			);
			runOnlyForDeploymentPostprocessing = 0;
		};
/* End PBXResourcesBuildPhase section */

/* Begin PBXShellScriptBuildPhase section */
		6020C76726B73362BF4FC3D5 /* 📦 Check Pods Manifest.lock */ = {
			isa = PBXShellScriptBuildPhase;
			buildActionMask = 2147483647;
			files = (
			);
			inputPaths = (
			);
			name = "📦 Check Pods Manifest.lock";
			outputPaths = (
			);
			runOnlyForDeploymentPostprocessing = 0;
			shellPath = /bin/sh;
			shellScript = "diff \"${PODS_ROOT}/../Podfile.lock\" \"${PODS_ROOT}/Manifest.lock\" > /dev/null\nif [[ $? != 0 ]] ; then\n    cat << EOM\nerror: The sandbox is not in sync with the Podfile.lock. Run 'pod install' or update your CocoaPods installation.\nEOM\n    exit 1\nfi\n";
			showEnvVarsInLog = 0;
		};
		7254279D5E67BC8A015FC165 /* 📦 Copy Pods Resources */ = {
			isa = PBXShellScriptBuildPhase;
			buildActionMask = 2147483647;
			files = (
			);
			inputPaths = (
			);
			name = "📦 Copy Pods Resources";
			outputPaths = (
			);
			runOnlyForDeploymentPostprocessing = 0;
			shellPath = /bin/sh;
			shellScript = "\"${SRCROOT}/Pods/Target Support Files/Pods-marketsideUITests/Pods-marketsideUITests-resources.sh\"\n";
			showEnvVarsInLog = 0;
		};
		7ED2AFB6C7738B60FD7F6A26 /* 📦 Embed Pods Frameworks */ = {
			isa = PBXShellScriptBuildPhase;
			buildActionMask = 2147483647;
			files = (
			);
			inputPaths = (
			);
			name = "📦 Embed Pods Frameworks";
			outputPaths = (
			);
			runOnlyForDeploymentPostprocessing = 0;
			shellPath = /bin/sh;
			shellScript = "\"${SRCROOT}/Pods/Target Support Files/Pods-marketsideTests/Pods-marketsideTests-frameworks.sh\"\n";
			showEnvVarsInLog = 0;
		};
		9C3253F0FC2B2F7F7C5713F2 /* 📦 Check Pods Manifest.lock */ = {
			isa = PBXShellScriptBuildPhase;
			buildActionMask = 2147483647;
			files = (
			);
			inputPaths = (
			);
			name = "📦 Check Pods Manifest.lock";
			outputPaths = (
			);
			runOnlyForDeploymentPostprocessing = 0;
			shellPath = /bin/sh;
			shellScript = "diff \"${PODS_ROOT}/../Podfile.lock\" \"${PODS_ROOT}/Manifest.lock\" > /dev/null\nif [[ $? != 0 ]] ; then\n    cat << EOM\nerror: The sandbox is not in sync with the Podfile.lock. Run 'pod install' or update your CocoaPods installation.\nEOM\n    exit 1\nfi\n";
			showEnvVarsInLog = 0;
		};
		D644534F5104DC6C3DC8EB0C /* 📦 Embed Pods Frameworks */ = {
			isa = PBXShellScriptBuildPhase;
			buildActionMask = 2147483647;
			files = (
			);
			inputPaths = (
			);
			name = "📦 Embed Pods Frameworks";
			outputPaths = (
			);
			runOnlyForDeploymentPostprocessing = 0;
			shellPath = /bin/sh;
			shellScript = "\"${SRCROOT}/Pods/Target Support Files/Pods-marketside/Pods-marketside-frameworks.sh\"\n";
			showEnvVarsInLog = 0;
		};
		D82C004F917DBF5356683860 /* 📦 Copy Pods Resources */ = {
			isa = PBXShellScriptBuildPhase;
			buildActionMask = 2147483647;
			files = (
			);
			inputPaths = (
			);
			name = "📦 Copy Pods Resources";
			outputPaths = (
			);
			runOnlyForDeploymentPostprocessing = 0;
			shellPath = /bin/sh;
			shellScript = "\"${SRCROOT}/Pods/Target Support Files/Pods-marketside/Pods-marketside-resources.sh\"\n";
			showEnvVarsInLog = 0;
		};
		E40BB197F1C0101B06BA836F /* 📦 Copy Pods Resources */ = {
			isa = PBXShellScriptBuildPhase;
			buildActionMask = 2147483647;
			files = (
			);
			inputPaths = (
			);
			name = "📦 Copy Pods Resources";
			outputPaths = (
			);
			runOnlyForDeploymentPostprocessing = 0;
			shellPath = /bin/sh;
			shellScript = "\"${SRCROOT}/Pods/Target Support Files/Pods-marketsideTests/Pods-marketsideTests-resources.sh\"\n";
			showEnvVarsInLog = 0;
		};
		EB4897220E2EDE1B40CCCDC3 /* 📦 Check Pods Manifest.lock */ = {
			isa = PBXShellScriptBuildPhase;
			buildActionMask = 2147483647;
			files = (
			);
			inputPaths = (
			);
			name = "📦 Check Pods Manifest.lock";
			outputPaths = (
			);
			runOnlyForDeploymentPostprocessing = 0;
			shellPath = /bin/sh;
			shellScript = "diff \"${PODS_ROOT}/../Podfile.lock\" \"${PODS_ROOT}/Manifest.lock\" > /dev/null\nif [[ $? != 0 ]] ; then\n    cat << EOM\nerror: The sandbox is not in sync with the Podfile.lock. Run 'pod install' or update your CocoaPods installation.\nEOM\n    exit 1\nfi\n";
			showEnvVarsInLog = 0;
		};
/* End PBXShellScriptBuildPhase section */

/* Begin PBXSourcesBuildPhase section */
		2C97BC131D0C3E8600D2BBE0 /* Sources */ = {
			isa = PBXSourcesBuildPhase;
			buildActionMask = 2147483647;
			files = (
				2C97BC1D1D0C3E8600D2BBE0 /* ViewController.swift in Sources */,
				0DEE05DC1D0CAE9600A646B1 /* Request.swift in Sources */,
				0DEE05DE1D0CB57D00A646B1 /* NotificationComeChildViewController.swift in Sources */,
				0D273A791D0D073B00F529E3 /* SelectedOrderTableViewCell.swift in Sources */,
				0DEE05E01D0CBEA200A646B1 /* SwiftyJSON.swift in Sources */,
				0D273A771D0D072A00F529E3 /* SelectOrderCellData.swift in Sources */,
				2C97BC1B1D0C3E8600D2BBE0 /* AppDelegate.swift in Sources */,
			);
			runOnlyForDeploymentPostprocessing = 0;
		};
		2C97BC271D0C3E8600D2BBE0 /* Sources */ = {
			isa = PBXSourcesBuildPhase;
			buildActionMask = 2147483647;
			files = (
				2C97BC301D0C3E8600D2BBE0 /* marketsideTests.swift in Sources */,
			);
			runOnlyForDeploymentPostprocessing = 0;
		};
		2C97BC321D0C3E8600D2BBE0 /* Sources */ = {
			isa = PBXSourcesBuildPhase;
			buildActionMask = 2147483647;
			files = (
				2C97BC3B1D0C3E8600D2BBE0 /* marketsideUITests.swift in Sources */,
			);
			runOnlyForDeploymentPostprocessing = 0;
		};
/* End PBXSourcesBuildPhase section */

/* Begin PBXTargetDependency section */
		2C97BC2D1D0C3E8600D2BBE0 /* PBXTargetDependency */ = {
			isa = PBXTargetDependency;
			target = 2C97BC161D0C3E8600D2BBE0 /* marketside */;
			targetProxy = 2C97BC2C1D0C3E8600D2BBE0 /* PBXContainerItemProxy */;
		};
		2C97BC381D0C3E8600D2BBE0 /* PBXTargetDependency */ = {
			isa = PBXTargetDependency;
			target = 2C97BC161D0C3E8600D2BBE0 /* marketside */;
			targetProxy = 2C97BC371D0C3E8600D2BBE0 /* PBXContainerItemProxy */;
		};
/* End PBXTargetDependency section */

/* Begin PBXVariantGroup section */
		2C97BC1E1D0C3E8600D2BBE0 /* Main.storyboard */ = {
			isa = PBXVariantGroup;
			children = (
				2C97BC1F1D0C3E8600D2BBE0 /* Base */,
			);
			name = Main.storyboard;
			sourceTree = "<group>";
		};
		2C97BC231D0C3E8600D2BBE0 /* LaunchScreen.storyboard */ = {
			isa = PBXVariantGroup;
			children = (
				2C97BC241D0C3E8600D2BBE0 /* Base */,
			);
			name = LaunchScreen.storyboard;
			sourceTree = "<group>";
		};
/* End PBXVariantGroup section */

/* Begin XCBuildConfiguration section */
		2C97BC3D1D0C3E8600D2BBE0 /* Debug */ = {
			isa = XCBuildConfiguration;
			buildSettings = {
				ALWAYS_SEARCH_USER_PATHS = NO;
				CLANG_ANALYZER_NONNULL = YES;
				CLANG_CXX_LANGUAGE_STANDARD = "gnu++0x";
				CLANG_CXX_LIBRARY = "libc++";
				CLANG_ENABLE_MODULES = YES;
				CLANG_ENABLE_OBJC_ARC = YES;
				CLANG_WARN_BOOL_CONVERSION = YES;
				CLANG_WARN_CONSTANT_CONVERSION = YES;
				CLANG_WARN_DIRECT_OBJC_ISA_USAGE = YES_ERROR;
				CLANG_WARN_EMPTY_BODY = YES;
				CLANG_WARN_ENUM_CONVERSION = YES;
				CLANG_WARN_INT_CONVERSION = YES;
				CLANG_WARN_OBJC_ROOT_CLASS = YES_ERROR;
				CLANG_WARN_UNREACHABLE_CODE = YES;
				CLANG_WARN__DUPLICATE_METHOD_MATCH = YES;
				"CODE_SIGN_IDENTITY[sdk=iphoneos*]" = "iPhone Developer";
				COPY_PHASE_STRIP = NO;
				DEBUG_INFORMATION_FORMAT = dwarf;
				ENABLE_STRICT_OBJC_MSGSEND = YES;
				ENABLE_TESTABILITY = YES;
				GCC_C_LANGUAGE_STANDARD = gnu99;
				GCC_DYNAMIC_NO_PIC = NO;
				GCC_NO_COMMON_BLOCKS = YES;
				GCC_OPTIMIZATION_LEVEL = 0;
				GCC_PREPROCESSOR_DEFINITIONS = (
					"DEBUG=1",
					"$(inherited)",
				);
				GCC_WARN_64_TO_32_BIT_CONVERSION = YES;
				GCC_WARN_ABOUT_RETURN_TYPE = YES_ERROR;
				GCC_WARN_UNDECLARED_SELECTOR = YES;
				GCC_WARN_UNINITIALIZED_AUTOS = YES_AGGRESSIVE;
				GCC_WARN_UNUSED_FUNCTION = YES;
				GCC_WARN_UNUSED_VARIABLE = YES;
				IPHONEOS_DEPLOYMENT_TARGET = 9.3;
				MTL_ENABLE_DEBUG_INFO = YES;
				ONLY_ACTIVE_ARCH = YES;
				SDKROOT = iphoneos;
				SWIFT_OPTIMIZATION_LEVEL = "-Onone";
				TARGETED_DEVICE_FAMILY = "1,2";
			};
			name = Debug;
		};
		2C97BC3E1D0C3E8600D2BBE0 /* Release */ = {
			isa = XCBuildConfiguration;
			buildSettings = {
				ALWAYS_SEARCH_USER_PATHS = NO;
				CLANG_ANALYZER_NONNULL = YES;
				CLANG_CXX_LANGUAGE_STANDARD = "gnu++0x";
				CLANG_CXX_LIBRARY = "libc++";
				CLANG_ENABLE_MODULES = YES;
				CLANG_ENABLE_OBJC_ARC = YES;
				CLANG_WARN_BOOL_CONVERSION = YES;
				CLANG_WARN_CONSTANT_CONVERSION = YES;
				CLANG_WARN_DIRECT_OBJC_ISA_USAGE = YES_ERROR;
				CLANG_WARN_EMPTY_BODY = YES;
				CLANG_WARN_ENUM_CONVERSION = YES;
				CLANG_WARN_INT_CONVERSION = YES;
				CLANG_WARN_OBJC_ROOT_CLASS = YES_ERROR;
				CLANG_WARN_UNREACHABLE_CODE = YES;
				CLANG_WARN__DUPLICATE_METHOD_MATCH = YES;
				"CODE_SIGN_IDENTITY[sdk=iphoneos*]" = "iPhone Developer";
				COPY_PHASE_STRIP = NO;
				DEBUG_INFORMATION_FORMAT = "dwarf-with-dsym";
				ENABLE_NS_ASSERTIONS = NO;
				ENABLE_STRICT_OBJC_MSGSEND = YES;
				GCC_C_LANGUAGE_STANDARD = gnu99;
				GCC_NO_COMMON_BLOCKS = YES;
				GCC_WARN_64_TO_32_BIT_CONVERSION = YES;
				GCC_WARN_ABOUT_RETURN_TYPE = YES_ERROR;
				GCC_WARN_UNDECLARED_SELECTOR = YES;
				GCC_WARN_UNINITIALIZED_AUTOS = YES_AGGRESSIVE;
				GCC_WARN_UNUSED_FUNCTION = YES;
				GCC_WARN_UNUSED_VARIABLE = YES;
				IPHONEOS_DEPLOYMENT_TARGET = 9.3;
				MTL_ENABLE_DEBUG_INFO = NO;
				SDKROOT = iphoneos;
				TARGETED_DEVICE_FAMILY = "1,2";
				VALIDATE_PRODUCT = YES;
			};
			name = Release;
		};
		2C97BC401D0C3E8600D2BBE0 /* Debug */ = {
			isa = XCBuildConfiguration;
			baseConfigurationReference = 0C5B114AB0F482BCB0FE13E9 /* Pods-marketside.debug.xcconfig */;
			buildSettings = {
				ASSETCATALOG_COMPILER_APPICON_NAME = AppIcon;
				INFOPLIST_FILE = marketside/Info.plist;
				LD_RUNPATH_SEARCH_PATHS = "$(inherited) @executable_path/Frameworks";
				PRODUCT_BUNDLE_IDENTIFIER = "Les-Trois-Mousquetaires-de-HACKSONS.marketside";
				PRODUCT_NAME = "$(TARGET_NAME)";
			};
			name = Debug;
		};
		2C97BC411D0C3E8600D2BBE0 /* Release */ = {
			isa = XCBuildConfiguration;
			baseConfigurationReference = CAA7C7558E91E1E42BEB26C4 /* Pods-marketside.release.xcconfig */;
			buildSettings = {
				ASSETCATALOG_COMPILER_APPICON_NAME = AppIcon;
				INFOPLIST_FILE = marketside/Info.plist;
				LD_RUNPATH_SEARCH_PATHS = "$(inherited) @executable_path/Frameworks";
				PRODUCT_BUNDLE_IDENTIFIER = "Les-Trois-Mousquetaires-de-HACKSONS.marketside";
				PRODUCT_NAME = "$(TARGET_NAME)";
			};
			name = Release;
		};
		2C97BC431D0C3E8600D2BBE0 /* Debug */ = {
			isa = XCBuildConfiguration;
			baseConfigurationReference = 435A1F968B636CC7FF5229DD /* Pods-marketsideTests.debug.xcconfig */;
			buildSettings = {
				BUNDLE_LOADER = "$(TEST_HOST)";
				INFOPLIST_FILE = marketsideTests/Info.plist;
				LD_RUNPATH_SEARCH_PATHS = "$(inherited) @executable_path/Frameworks @loader_path/Frameworks";
				PRODUCT_BUNDLE_IDENTIFIER = "Les-Trois-Mousquetaires-de-HACKSONS.marketsideTests";
				PRODUCT_NAME = "$(TARGET_NAME)";
				TEST_HOST = "$(BUILT_PRODUCTS_DIR)/marketside.app/marketside";
			};
			name = Debug;
		};
		2C97BC441D0C3E8600D2BBE0 /* Release */ = {
			isa = XCBuildConfiguration;
			baseConfigurationReference = 8D6B99D783087092CC59A8E5 /* Pods-marketsideTests.release.xcconfig */;
			buildSettings = {
				BUNDLE_LOADER = "$(TEST_HOST)";
				INFOPLIST_FILE = marketsideTests/Info.plist;
				LD_RUNPATH_SEARCH_PATHS = "$(inherited) @executable_path/Frameworks @loader_path/Frameworks";
				PRODUCT_BUNDLE_IDENTIFIER = "Les-Trois-Mousquetaires-de-HACKSONS.marketsideTests";
				PRODUCT_NAME = "$(TARGET_NAME)";
				TEST_HOST = "$(BUILT_PRODUCTS_DIR)/marketside.app/marketside";
			};
			name = Release;
		};
		2C97BC461D0C3E8600D2BBE0 /* Debug */ = {
			isa = XCBuildConfiguration;
			baseConfigurationReference = 91292DCBD4C60D1F9C1F2208 /* Pods-marketsideUITests.debug.xcconfig */;
			buildSettings = {
				INFOPLIST_FILE = marketsideUITests/Info.plist;
				LD_RUNPATH_SEARCH_PATHS = "$(inherited) @executable_path/Frameworks @loader_path/Frameworks";
				PRODUCT_BUNDLE_IDENTIFIER = "Les-Trois-Mousquetaires-de-HACKSONS.marketsideUITests";
				PRODUCT_NAME = "$(TARGET_NAME)";
				TEST_TARGET_NAME = marketside;
			};
			name = Debug;
		};
		2C97BC471D0C3E8600D2BBE0 /* Release */ = {
			isa = XCBuildConfiguration;
			baseConfigurationReference = 638C7635655B639BA4ADDC09 /* Pods-marketsideUITests.release.xcconfig */;
			buildSettings = {
				INFOPLIST_FILE = marketsideUITests/Info.plist;
				LD_RUNPATH_SEARCH_PATHS = "$(inherited) @executable_path/Frameworks @loader_path/Frameworks";
				PRODUCT_BUNDLE_IDENTIFIER = "Les-Trois-Mousquetaires-de-HACKSONS.marketsideUITests";
				PRODUCT_NAME = "$(TARGET_NAME)";
				TEST_TARGET_NAME = marketside;
			};
			name = Release;
		};
/* End XCBuildConfiguration section */

/* Begin XCConfigurationList section */
		2C97BC121D0C3E8600D2BBE0 /* Build configuration list for PBXProject "marketside" */ = {
			isa = XCConfigurationList;
			buildConfigurations = (
				2C97BC3D1D0C3E8600D2BBE0 /* Debug */,
				2C97BC3E1D0C3E8600D2BBE0 /* Release */,
			);
			defaultConfigurationIsVisible = 0;
			defaultConfigurationName = Release;
		};
		2C97BC3F1D0C3E8600D2BBE0 /* Build configuration list for PBXNativeTarget "marketside" */ = {
			isa = XCConfigurationList;
			buildConfigurations = (
				2C97BC401D0C3E8600D2BBE0 /* Debug */,
				2C97BC411D0C3E8600D2BBE0 /* Release */,
			);
			defaultConfigurationIsVisible = 0;
			defaultConfigurationName = Release;
		};
		2C97BC421D0C3E8600D2BBE0 /* Build configuration list for PBXNativeTarget "marketsideTests" */ = {
			isa = XCConfigurationList;
			buildConfigurations = (
				2C97BC431D0C3E8600D2BBE0 /* Debug */,
				2C97BC441D0C3E8600D2BBE0 /* Release */,
			);
			defaultConfigurationIsVisible = 0;
			defaultConfigurationName = Release;
		};
		2C97BC451D0C3E8600D2BBE0 /* Build configuration list for PBXNativeTarget "marketsideUITests" */ = {
			isa = XCConfigurationList;
			buildConfigurations = (
				2C97BC461D0C3E8600D2BBE0 /* Debug */,
				2C97BC471D0C3E8600D2BBE0 /* Release */,
			);
			defaultConfigurationIsVisible = 0;
			defaultConfigurationName = Release;
		};
/* End XCConfigurationList section */
	};
	rootObject = 2C97BC0F1D0C3E8600D2BBE0 /* Project object */;
}
